# THIS IS AN AUTOGENERATED FILE. DO NOT EDIT THIS FILE DIRECTLY.
# yarn lockfile v1


"@openzeppelin/contracts-upgradeable@^4.7.1":
  version "4.7.1"
  resolved "https://registry.yarnpkg.com/@openzeppelin/contracts-upgradeable/-/contracts-upgradeable-4.7.1.tgz#f63fc384255d6ac139e0a2561aa207fd7c14183c"
  integrity sha512-5EFiZld3DYFd8aTL8eeMnhnaWh1/oXLXFNuFMrgF3b1DNPshF3LCyO7VR6lc+gac2URJ0BlVcZoCfkk/3MoEfg==

"@openzeppelin/contracts@^4.7.1":
  version "4.7.1"
  resolved "https://registry.yarnpkg.com/@openzeppelin/contracts/-/contracts-4.7.1.tgz#33d0a857b76b18d313e6bb6ed28cdaf367e90cfe"
  integrity sha512-UXmAjKARsXORHlHZu5GCD7ZbRKm6nU8UHnbuT/QJJa2JEOEcbvV/X8w/sUk62Sl9VZuuljM1akrZLyAtzUgsxw==
